// !$*UTF8*$!
{
	archiveVersion = 1;
	classes = {
	};
	objectVersion = 46;
	objects = {

/* Begin PBXBuildFile section */
		EB4FA9C01DE7FD04008B0DA7 /* AppDelegate.swift in Sources */ = {isa = PBXBuildFile; fileRef = EB4FA9BF1DE7FD04008B0DA7 /* AppDelegate.swift */; };
		EB4FA9C21DE7FD04008B0DA7 /* ViewController.swift in Sources */ = {isa = PBXBuildFile; fileRef = EB4FA9C11DE7FD04008B0DA7 /* ViewController.swift */; };
		EB4FA9C51DE7FD04008B0DA7 /* Main.storyboard in Resources */ = {isa = PBXBuildFile; fileRef = EB4FA9C31DE7FD04008B0DA7 /* Main.storyboard */; };
		EB4FA9C71DE7FD04008B0DA7 /* Assets.xcassets in Resources */ = {isa = PBXBuildFile; fileRef = EB4FA9C61DE7FD04008B0DA7 /* Assets.xcassets */; };
		EB4FA9CA1DE7FD04008B0DA7 /* LaunchScreen.storyboard in Resources */ = {isa = PBXBuildFile; fileRef = EB4FA9C81DE7FD04008B0DA7 /* LaunchScreen.storyboard */; };
/* End PBXBuildFile section */

/* Begin PBXFileReference section */
		EB4FA9BC1DE7FD04008B0DA7 /* AnotherGitDemo.app */ = {isa = PBXFileReference; explicitFileType = wrapper.application; includeInIndex = 0; path = AnotherGitDemo.app; sourceTree = BUILT_PRODUCTS_DIR; };
		EB4FA9BF1DE7FD04008B0DA7 /* AppDelegate.swift */ = {isa = PBXFileReference; lastKnownFileType = sourcecode.swift; path = AppDelegate.swift; sourceTree = "<group>"; };
		EB4FA9C11DE7FD04008B0DA7 /* ViewController.swift */ = {isa = PBXFileReference; lastKnownFileType = sourcecode.swift; path = ViewController.swift; sourceTree = "<group>"; };
		EB4FA9C41DE7FD04008B0DA7 /* Base */ = {isa = PBXFileReference; lastKnownFileType = file.storyboard; name = Base; path = Base.lproj/Main.storyboard; sourceTree = "<group>"; };
		EB4FA9C61DE7FD04008B0DA7 /* Assets.xcassets */ = {isa = PBXFileReference; lastKnownFileType = folder.assetcatalog; path = Assets.xcassets; sourceTree = "<group>"; };
		EB4FA9C91DE7FD04008B0DA7 /* Base */ = {isa = PBXFileReference; lastKnownFileType = file.storyboard; name = Base; path = Base.lproj/LaunchScreen.storyboard; sourceTree = "<group>"; };
		EB4FA9CB1DE7FD04008B0DA7 /* Info.plist */ = {isa = PBXFileReference; lastKnownFileType = text.plist.xml; path = Info.plist; sourceTree = "<group>"; };
/* End PBXFileReference section */

/* Begin PBXFrameworksBuildPhase section */
		EB4FA9B91DE7FD04008B0DA7 /* Frameworks */ = {
			isa = PBXFrameworksBuildPhase;
			buildActionMask = 2147483647;
			files = (
			);
			runOnlyForDeploymentPostprocessing = 0;
		};
/* End PBXFrameworksBuildPhase section */

/* Begin PBXGroup section */
		EB4FA9B31DE7FD04008B0DA7 = {
			isa = PBXGroup;
			children = (
				EB4FA9BE1DE7FD04008B0DA7 /* AnotherGitDemo */,
				EB4FA9BD1DE7FD04008B0DA7 /* Products */,
			);
			sourceTree = "<group>";
		};
		EB4FA9BD1DE7FD04008B0DA7 /* Products */ = {
			isa = PBXGroup;
			children = (
				EB4FA9BC1DE7FD04008B0DA7 /* AnotherGitDemo.app */,
			);
			name = Products;
			sourceTree = "<group>";
		};
		EB4FA9BE1DE7FD04008B0DA7 /* AnotherGitDemo */ = {
			isa = PBXGroup;
			children = (
				EB4FA9BF1DE7FD04008B0DA7 /* AppDelegate.swift */,
				EB4FA9C11DE7FD04008B0DA7 /* ViewController.swift */,
				EB4FA9C31DE7FD04008B0DA7 /* Main.storyboard */,
				EB4FA9C61DE7FD04008B0DA7 /* Assets.xcassets */,
				EB4FA9C81DE7FD04008B0DA7 /* LaunchScreen.storyboard */,
				EB4FA9CB1DE7FD04008B0DA7 /* Info.plist */,
			);
			path = AnotherGitDemo;
			sourceTree = "<group>";
		};
/* End PBXGroup section */

/* Begin PBXNativeTarget section */
		EB4FA9BB1DE7FD04008B0DA7 /* AnotherGitDemo */ = {
			isa = PBXNativeTarget;
			buildConfigurationList = EB4FA9CE1DE7FD04008B0DA7 /* Build configuration list for PBXNativeTarget "AnotherGitDemo" */;
			buildPhases = (
				EB4FA9B81DE7FD04008B0DA7 /* Sources */,
				EB4FA9B91DE7FD04008B0DA7 /* Frameworks */,
				EB4FA9BA1DE7FD04008B0DA7 /* Resources */,
			);
			buildRules = (
			);
			dependencies = (
			);
			name = AnotherGitDemo;
			productName = AnotherGitDemo;
			productReference = EB4FA9BC1DE7FD04008B0DA7 /* AnotherGitDemo.app */;
			productType = "com.apple.product-type.application";
		};
/* End PBXNativeTarget section */

/* Begin PBXProject section */
		EB4FA9B41DE7FD04008B0DA7 /* Project object */ = {
			isa = PBXProject;
			attributes = {
				LastSwiftUpdateCheck = 0800;
				LastUpgradeCheck = 0800;
				ORGANIZATIONNAME = "DIGIGAMES INTERACTIVE";
				TargetAttributes = {
					EB4FA9BB1DE7FD04008B0DA7 = {
						CreatedOnToolsVersion = 8.0;
						ProvisioningStyle = Automatic;
					};
				};
			};
			buildConfigurationList = EB4FA9B71DE7FD04008B0DA7 /* Build configuration list for PBXProject "AnotherGitDemo" */;
			compatibilityVersion = "Xcode 3.2";
			developmentRegion = English;
			hasScannedForEncodings = 0;
			knownRegions = (
				en,
				Base,
			);
			mainGroup = EB4FA9B31DE7FD04008B0DA7;
			productRefGroup = EB4FA9BD1DE7FD04008B0DA7 /* Products */;
			projectDirPath = "";
			projectRoot = "";
			targets = (
				EB4FA9BB1DE7FD04008B0DA7 /* AnotherGitDemo */,
			);
		};
/* End PBXProject section */

/* Begin PBXResourcesBuildPhase section */
		EB4FA9BA1DE7FD04008B0DA7 /* Resources */ = {
			isa = PBXResourcesBuildPhase;
			buildActionMask = 2147483647;
			files = (
				EB4FA9CA1DE7FD04008B0DA7 /* LaunchScreen.storyboard in Resources */,
				EB4FA9C71DE7FD04008B0DA7 /* Assets.xcassets in Resources */,
				EB4FA9C51DE7FD04008B0DA7 /* Main.storyboard in Resources */,
			);
			runOnlyForDeploymentPostprocessing = 0;
		};
/* End PBXResourcesBuildPhase section */

/* Begin PBXSourcesBuildPhase section */
		EB4FA9B81DE7FD04008B0DA7 /* Sources */ = {
			isa = PBXSourcesBuildPhase;
			buildActionMask = 2147483647;
			files = (
				EB4FA9C21DE7FD04008B0DA7 /* ViewController.swift in Sources */,
				EB4FA9C01DE7FD04008B0DA7 /* AppDelegate.swift in Sources */,
			);
			runOnlyForDeploymentPostprocessing = 0;
		};
/* End PBXSourcesBuildPhase section */

/* Begin PBXVariantGroup section */
		EB4FA9C31DE7FD04008B0DA7 /* Main.storyboard */ = {
			isa = PBXVariantGroup;
			children = (
				EB4FA9C41DE7FD04008B0DA7 /* Base */,
			);
			name = Main.storyboard;
			sourceTree = "<group>";
		};
		EB4FA9C81DE7FD04008B0DA7 /* LaunchScreen.storyboard */ = {
			isa = PBXVariantGroup;
			children = (
				EB4FA9C91DE7FD04008B0DA7 /* Base */,
			);
			name = LaunchScreen.storyboard;
			sourceTree = "<group>";
		};
/* End PBXVariantGroup section */

/* Begin XCBuildConfiguration section */
		EB4FA9CC1DE7FD04008B0DA7 /* Debug */ = {
			isa = XCBuildConfiguration;
			buildSettings = {
				ALWAYS_SEARCH_USER_PATHS = NO;
				CLANG_ANALYZER_NONNULL = YES;
				CLANG_CXX_LANGUAGE_STANDARD = "gnu++0x";
				CLANG_CXX_LIBRARY = "libc++";
				CLANG_ENABLE_MODULES = YES;
				CLANG_ENABLE_OBJC_ARC = YES;
				CLANG_WARN_BOOL_CONVERSION = YES;
				CLANG_WARN_CONSTANT_CONVERSION = YES;
				CLANG_WARN_DIRECT_OBJC_ISA_USAGE = YES_ERROR;
				CLANG_WARN_DOCUMENTATION_COMMENTS = YES;
				CLANG_WARN_EMPTY_BODY = YES;
				CLANG_WARN_ENUM_CONVERSION = YES;
				CLANG_WARN_INFINITE_RECURSION = YES;
				CLANG_WARN_INT_CONVERSION = YES;
				CLANG_WARN_OBJC_ROOT_CLASS = YES_ERROR;
				CLANG_WARN_SUSPICIOUS_MOVES = YES;
				CLANG_WARN_UNREACHABLE_CODE = YES;
				CLANG_WARN__DUPLICATE_METHOD_MATCH = YES;
				"CODE_SIGN_IDENTITY[sdk=iphoneos*]" = "iPhone Developer";
				COPY_PHASE_STRIP = NO;
				DEBUG_INFORMATION_FORMAT = dwarf;
				ENABLE_STRICT_OBJC_MSGSEND = YES;
				ENABLE_TESTABILITY = YES;
				GCC_C_LANGUAGE_STANDARD = gnu99;
				GCC_DYNAMIC_NO_PIC = NO;
				GCC_NO_COMMON_BLOCKS = YES;
				GCC_OPTIMIZATION_LEVEL = 0;
				GCC_PREPROCESSOR_DEFINITIONS = (
					"DEBUG=1",
					"$(inherited)",
				);
				GCC_WARN_64_TO_32_BIT_CONVERSION = YES;
				GCC_WARN_ABOUT_RETURN_TYPE = YES_ERROR;
				GCC_WARN_UNDECLARED_SELECTOR = YES;
				GCC_WARN_UNINITIALIZED_AUTOS = YES_AGGRESSIVE;
				GCC_WARN_UNUSED_FUNCTION = YES;
				GCC_WARN_UNUSED_VARIABLE = YES;
				IPHONEOS_DEPLOYMENT_TARGET = 10.0;
				MTL_ENABLE_DEBUG_INFO = YES;
				ONLY_ACTIVE_ARCH = YES;
				SDKROOT = iphoneos;
				SWIFT_ACTIVE_COMPILATION_CONDITIONS = DEBUG;
				SWIFT_OPTIMIZATION_LEVEL = "-Onone";
			};
			name = Debug;
		};
		EB4FA9CD1DE7FD04008B0DA7 /* Release */ = {
			isa = XCBuildConfiguration;
			buildSettings = {
				ALWAYS_SEARCH_USER_PATHS = NO;
				CLANG_ANALYZER_NONNULL = YES;
				CLANG_CXX_LANGUAGE_STANDARD = "gnu++0x";
				CLANG_CXX_LIBRARY = "libc++";
				CLANG_ENABLE_MODULES = YES;
				CLANG_ENABLE_OBJC_ARC = YES;
				CLANG_WARN_BOOL_CONVERSION = YES;
				CLANG_WARN_CONSTANT_CONVERSION = YES;
				CLANG_WARN_DIRECT_OBJC_ISA_USAGE = YES_ERROR;
				CLANG_WARN_DOCUMENTATION_COMMENTS = YES;
				CLANG_WARN_EMPTY_BODY = YES;
				CLANG_WARN_ENUM_CONVERSION = YES;
				CLANG_WARN_INFINITE_RECURSION = YES;
				CLANG_WARN_INT_CONVERSION = YES;
				CLANG_WARN_OBJC_ROOT_CLASS = YES_ERROR;
				CLANG_WARN_SUSPICIOUS_MOVES = YES;
				CLANG_WARN_UNREACHABLE_CODE = YES;
				CLANG_WARN__DUPLICATE_METHOD_MATCH = YES;
				"CODE_SIGN_IDENTITY[sdk=iphoneos*]" = "iPhone Developer";
				COPY_PHASE_STRIP = NO;
				DEBUG_INFORMATION_FORMAT = "dwarf-with-dsym";
				ENABLE_NS_ASSERTIONS = NO;
				ENABLE_STRICT_OBJC_MSGSEND = YES;
				GCC_C_LANGUAGE_STANDARD = gnu99;
				GCC_NO_COMMON_BLOCKS = YES;
				GCC_WARN_64_TO_32_BIT_CONVERSION = YES;
				GCC_WARN_ABOUT_RETURN_TYPE = YES_ERROR;
				GCC_WARN_UNDECLARED_SELECTOR = YES;
				GCC_WARN_UNINITIALIZED_AUTOS = YES_AGGRESSIVE;
				GCC_WARN_UNUSED_FUNCTION = YES;
				GCC_WARN_UNUSED_VARIABLE = YES;
				IPHONEOS_DEPLOYMENT_TARGET = 10.0;
				MTL_ENABLE_DEBUG_INFO = NO;
				SDKROOT = iphoneos;
				SWIFT_OPTIMIZATION_LEVEL = "-Owholemodule";
				VALIDATE_PRODUCT = YES;
			};
			name = Release;
		};
		EB4FA9CF1DE7FD04008B0DA7 /* Debug */ = {
			isa = XCBuildConfiguration;
			buildSettings = {
				ASSETCATALOG_COMPILER_APPICON_NAME = AppIcon;
				INFOPLIST_FILE = AnotherGitDemo/Info.plist;
				LD_RUNPATH_SEARCH_PATHS = "$(inherited) @executable_path/Frameworks";
				PRODUCT_BUNDLE_IDENTIFIER = "com.DIGIGAMES-INTERACTIVE.AnotherGitDemo";
				PRODUCT_NAME = "$(TARGET_NAME)";
				SWIFT_VERSION = 3.0;
			};
			name = Debug;
		};
		EB4FA9D01DE7FD04008B0DA7 /* Release */ = {
			isa = XCBuildConfiguration;
			buildSettings = {
				ASSETCATALOG_COMPILER_APPICON_NAME = AppIcon;
				INFOPLIST_FILE = AnotherGitDemo/Info.plist;
				LD_RUNPATH_SEARCH_PATHS = "$(inherited) @executable_path/Frameworks";
				PRODUCT_BUNDLE_IDENTIFIER = "com.DIGIGAMES-INTERACTIVE.AnotherGitDemo";
				PRODUCT_NAME = "$(TARGET_NAME)";
				SWIFT_VERSION = 3.0;
			};
			name = Release;
		};
/* End XCBuildConfiguration section */

/* Begin XCConfigurationList section */
		EB4FA9B71DE7FD04008B0DA7 /* Build configuration list for PBXProject "AnotherGitDemo" */ = {
			isa = XCConfigurationList;
			buildConfigurations = (
				EB4FA9CC1DE7FD04008B0DA7 /* Debug */,
				EB4FA9CD1DE7FD04008B0DA7 /* Release */,
			);
			defaultConfigurationIsVisible = 0;
			defaultConfigurationName = Release;
		};
		EB4FA9CE1DE7FD04008B0DA7 /* Build configuration list for PBXNativeTarget "AnotherGitDemo" */ = {
			isa = XCConfigurationList;
			buildConfigurations = (
				EB4FA9CF1DE7FD04008B0DA7 /* Debug */,
				EB4FA9D01DE7FD04008B0DA7 /* Release */,
			);
			defaultConfigurationIsVisible = 0;
		};
/* End XCConfigurationList section */
	};
	rootObject = EB4FA9B41DE7FD04008B0DA7 /* Project object */;
}
